
Microsoft Visual Studio Solution File, Format Version 12.00
# Visual Studio Version 17
VisualStudioVersion = 17.4.33110.190
MinimumVisualStudioVersion = 10.0.40219.1
Project("{FAE04EC0-301F-11D3-BF4B-00C04F79EFBC}") = "CentralDeProdutos.Services.Api", "CentralDeProdutos.Services.Api\CentralDeProdutos.Services.Api.csproj", "{DB20A137-4A08-443E-A81A-241DDCBC993B}"
EndProject
Project("{2150E333-8FDC-42A3-9474-1A3956D46DE8}") = "1 - API", "1 - API", "{AD56884B-E27E-470E-BC90-4375A32009BA}"
EndProject
Project("{2150E333-8FDC-42A3-9474-1A3956D46DE8}") = "2 - DDD", "2 - DDD", "{0CA40BC5-40CE-4D2E-9FA4-8B48024CFFE1}"
EndProject
Project("{2150E333-8FDC-42A3-9474-1A3956D46DE8}") = "2.1 - Application", "2.1 - Application", "{92E2ACA1-3544-4E78-AC5E-C7B533B6DA9E}"
EndProject
Project("{2150E333-8FDC-42A3-9474-1A3956D46DE8}") = "2.2 - Domain", "2.2 - Domain", "{92977ECA-1EF0-45A6-939C-4B4D6EFAA4D7}"
EndProject
Project("{2150E333-8FDC-42A3-9474-1A3956D46DE8}") = "2.3 - InfraStructure", "2.3 - InfraStructure", "{365A7F4F-03F4-4147-B673-F304FE04D073}"
EndProject
Project("{FAE04EC0-301F-11D3-BF4B-00C04F79EFBC}") = "CentralDeProdutos.Application", "CentralDeProdutos.Application\CentralDeProdutos.Application.csproj", "{349FBEBB-99A8-414A-B9D2-C5277212F978}"
EndProject
Project("{FAE04EC0-301F-11D3-BF4B-00C04F79EFBC}") = "CentralDeProdutos.Domain", "CentralDeProdutos.Domain\CentralDeProdutos.Domain.csproj", "{4DC10E55-47B2-4830-90D9-5466E8B1E4AB}"
EndProject
Project("{FAE04EC0-301F-11D3-BF4B-00C04F79EFBC}") = "CentralDeProdutos.Infra.Data", "CentralDeProdutos.Infra.Data\CentralDeProdutos.Infra.Data.csproj", "{1B88C637-6EFC-429B-8047-E8A657DF2C1C}"
EndProject
Project("{2150E333-8FDC-42A3-9474-1A3956D46DE8}") = "3 - TDD", "3 - TDD", "{AD63776D-B5B7-409F-83B4-E94586E85A2E}"
EndProject
Project("{2150E333-8FDC-42A3-9474-1A3956D46DE8}") = "3.1 - Unit Tests", "3.1 - Unit Tests", "{E81C2844-FE5F-4780-AA44-32D9419609E9}"
EndProject
Project("{2150E333-8FDC-42A3-9474-1A3956D46DE8}") = "3.2 - Integration Tests", "3.2 - Integration Tests", "{2981AD1D-3CAA-4CB5-8060-4B737D4DBAC3}"
EndProject
Project("{FAE04EC0-301F-11D3-BF4B-00C04F79EFBC}") = "CentralDeProdutos.IntegrationTests", "CentralDeProdutos.IntegrationTests\CentralDeProdutos.IntegrationTests.csproj", "{56B2EA49-897F-40F7-93E1-B8A9D15A2B0D}"
EndProject
Global
	GlobalSection(SolutionConfigurationPlatforms) = preSolution
		Debug|Any CPU = Debug|Any CPU
		Release|Any CPU = Release|Any CPU
	EndGlobalSection
	GlobalSection(ProjectConfigurationPlatforms) = postSolution
		{DB20A137-4A08-443E-A81A-241DDCBC993B}.Debug|Any CPU.ActiveCfg = Debug|Any CPU
		{DB20A137-4A08-443E-A81A-241DDCBC993B}.Debug|Any CPU.Build.0 = Debug|Any CPU
		{DB20A137-4A08-443E-A81A-241DDCBC993B}.Release|Any CPU.ActiveCfg = Release|Any CPU
		{DB20A137-4A08-443E-A81A-241DDCBC993B}.Release|Any CPU.Build.0 = Release|Any CPU
		{349FBEBB-99A8-414A-B9D2-C5277212F978}.Debug|Any CPU.ActiveCfg = Debug|Any CPU
		{349FBEBB-99A8-414A-B9D2-C5277212F978}.Debug|Any CPU.Build.0 = Debug|Any CPU
		{349FBEBB-99A8-414A-B9D2-C5277212F978}.Release|Any CPU.ActiveCfg = Release|Any CPU
		{349FBEBB-99A8-414A-B9D2-C5277212F978}.Release|Any CPU.Build.0 = Release|Any CPU
		{4DC10E55-47B2-4830-90D9-5466E8B1E4AB}.Debug|Any CPU.ActiveCfg = Debug|Any CPU
		{4DC10E55-47B2-4830-90D9-5466E8B1E4AB}.Debug|Any CPU.Build.0 = Debug|Any CPU
		{4DC10E55-47B2-4830-90D9-5466E8B1E4AB}.Release|Any CPU.ActiveCfg = Release|Any CPU
		{4DC10E55-47B2-4830-90D9-5466E8B1E4AB}.Release|Any CPU.Build.0 = Release|Any CPU
		{1B88C637-6EFC-429B-8047-E8A657DF2C1C}.Debug|Any CPU.ActiveCfg = Debug|Any CPU
		{1B88C637-6EFC-429B-8047-E8A657DF2C1C}.Debug|Any CPU.Build.0 = Debug|Any CPU
		{1B88C637-6EFC-429B-8047-E8A657DF2C1C}.Release|Any CPU.ActiveCfg = Release|Any CPU
		{1B88C637-6EFC-429B-8047-E8A657DF2C1C}.Release|Any CPU.Build.0 = Release|Any CPU
		{56B2EA49-897F-40F7-93E1-B8A9D15A2B0D}.Debug|Any CPU.ActiveCfg = Debug|Any CPU
		{56B2EA49-897F-40F7-93E1-B8A9D15A2B0D}.Debug|Any CPU.Build.0 = Debug|Any CPU
		{56B2EA49-897F-40F7-93E1-B8A9D15A2B0D}.Release|Any CPU.ActiveCfg = Release|Any CPU
		{56B2EA49-897F-40F7-93E1-B8A9D15A2B0D}.Release|Any CPU.Build.0 = Release|Any CPU
	EndGlobalSection
	GlobalSection(SolutionProperties) = preSolution
		HideSolutionNode = FALSE
	EndGlobalSection
	GlobalSection(NestedProjects) = preSolution
		{DB20A137-4A08-443E-A81A-241DDCBC993B} = {AD56884B-E27E-470E-BC90-4375A32009BA}
		{92E2ACA1-3544-4E78-AC5E-C7B533B6DA9E} = {0CA40BC5-40CE-4D2E-9FA4-8B48024CFFE1}
		{92977ECA-1EF0-45A6-939C-4B4D6EFAA4D7} = {0CA40BC5-40CE-4D2E-9FA4-8B48024CFFE1}
		{365A7F4F-03F4-4147-B673-F304FE04D073} = {0CA40BC5-40CE-4D2E-9FA4-8B48024CFFE1}
		{349FBEBB-99A8-414A-B9D2-C5277212F978} = {92E2ACA1-3544-4E78-AC5E-C7B533B6DA9E}
		{4DC10E55-47B2-4830-90D9-5466E8B1E4AB} = {92977ECA-1EF0-45A6-939C-4B4D6EFAA4D7}
		{1B88C637-6EFC-429B-8047-E8A657DF2C1C} = {365A7F4F-03F4-4147-B673-F304FE04D073}
		{E81C2844-FE5F-4780-AA44-32D9419609E9} = {AD63776D-B5B7-409F-83B4-E94586E85A2E}
		{2981AD1D-3CAA-4CB5-8060-4B737D4DBAC3} = {AD63776D-B5B7-409F-83B4-E94586E85A2E}
		{56B2EA49-897F-40F7-93E1-B8A9D15A2B0D} = {2981AD1D-3CAA-4CB5-8060-4B737D4DBAC3}
	EndGlobalSection
	GlobalSection(ExtensibilityGlobals) = postSolution
		SolutionGuid = {89C12664-5B03-48E7-9ABC-17A1E4682D2B}
	EndGlobalSection
EndGlobal
